// !$*UTF8*$!
{
	archiveVersion = 1;
	classes = {
	};
	objectVersion = 46;
	objects = {

/* Begin PBXBuildFile section */
		CEF47B371E5B0DA300143D0A /* main.m in Sources */ = {isa = PBXBuildFile; fileRef = CEF47B361E5B0DA300143D0A /* main.m */; };
		CEF47B3F1E5B0DF100143D0A /* IVSotrudnik.m in Sources */ = {isa = PBXBuildFile; fileRef = CEF47B3E1E5B0DF100143D0A /* IVSotrudnik.m */; };
		CEF47B421E5B0EDA00143D0A /* IVBuhgalter.m in Sources */ = {isa = PBXBuildFile; fileRef = CEF47B411E5B0EDA00143D0A /* IVBuhgalter.m */; };
		CEF47B491E5C2F0100143D0A /* IVMobile.m in Sources */ = {isa = PBXBuildFile; fileRef = CEF47B481E5C2F0100143D0A /* IVMobile.m */; };
		CEF47B4C1E5C6A6A00143D0A /* IViPhone.m in Sources */ = {isa = PBXBuildFile; fileRef = CEF47B4B1E5C6A6A00143D0A /* IViPhone.m */; };
		CEF47B4F1E5C6A8800143D0A /* IVAndroid.m in Sources */ = {isa = PBXBuildFile; fileRef = CEF47B4E1E5C6A8800143D0A /* IVAndroid.m */; };
		CEF47B521E5C835300143D0A /* IVSecretar.m in Sources */ = {isa = PBXBuildFile; fileRef = CEF47B511E5C835300143D0A /* IVSecretar.m */; };
		CEF47B561E5D813B00143D0A /* NSObject+category.m in Sources */ = {isa = PBXBuildFile; fileRef = CEF47B551E5D813B00143D0A /* NSObject+category.m */; };
/* End PBXBuildFile section */

/* Begin PBXCopyFilesBuildPhase section */
		CEF47B311E5B0DA300143D0A /* CopyFiles */ = {
			isa = PBXCopyFilesBuildPhase;
			buildActionMask = 2147483647;
			dstPath = /usr/share/man/man1/;
			dstSubfolderSpec = 0;
			files = (
			);
			runOnlyForDeploymentPostprocessing = 1;
		};
/* End PBXCopyFilesBuildPhase section */

/* Begin PBXFileReference section */
		CEF47B331E5B0DA300143D0A /* IVDomZad2 */ = {isa = PBXFileReference; explicitFileType = "compiled.mach-o.executable"; includeInIndex = 0; path = IVDomZad2; sourceTree = BUILT_PRODUCTS_DIR; };
		CEF47B361E5B0DA300143D0A /* main.m */ = {isa = PBXFileReference; lastKnownFileType = sourcecode.c.objc; path = main.m; sourceTree = "<group>"; };
		CEF47B3D1E5B0DC800143D0A /* IVSotrudnik.h */ = {isa = PBXFileReference; lastKnownFileType = sourcecode.c.h; path = IVSotrudnik.h; sourceTree = "<group>"; };
		CEF47B3E1E5B0DF100143D0A /* IVSotrudnik.m */ = {isa = PBXFileReference; fileEncoding = 4; lastKnownFileType = sourcecode.c.objc; path = IVSotrudnik.m; sourceTree = "<group>"; };
		CEF47B401E5B0E1C00143D0A /* IVBuhgalter.h */ = {isa = PBXFileReference; lastKnownFileType = sourcecode.c.h; path = IVBuhgalter.h; sourceTree = "<group>"; };
		CEF47B411E5B0EDA00143D0A /* IVBuhgalter.m */ = {isa = PBXFileReference; fileEncoding = 4; lastKnownFileType = sourcecode.c.objc; path = IVBuhgalter.m; sourceTree = "<group>"; };
		CEF47B431E5B2C2600143D0A /* IVZvonok.h */ = {isa = PBXFileReference; fileEncoding = 4; lastKnownFileType = sourcecode.c.h; path = IVZvonok.h; sourceTree = "<group>"; };
		CEF47B471E5C2EC800143D0A /* IVMobile.h */ = {isa = PBXFileReference; lastKnownFileType = sourcecode.c.h; path = IVMobile.h; sourceTree = "<group>"; };
		CEF47B481E5C2F0100143D0A /* IVMobile.m */ = {isa = PBXFileReference; fileEncoding = 4; lastKnownFileType = sourcecode.c.objc; path = IVMobile.m; sourceTree = "<group>"; };
		CEF47B4A1E5C6A5B00143D0A /* IViPhone.h */ = {isa = PBXFileReference; lastKnownFileType = sourcecode.c.h; path = IViPhone.h; sourceTree = "<group>"; };
		CEF47B4B1E5C6A6A00143D0A /* IViPhone.m */ = {isa = PBXFileReference; fileEncoding = 4; lastKnownFileType = sourcecode.c.objc; path = IViPhone.m; sourceTree = "<group>"; };
		CEF47B4D1E5C6A7900143D0A /* IVAndroid.h */ = {isa = PBXFileReference; lastKnownFileType = sourcecode.c.h; path = IVAndroid.h; sourceTree = "<group>"; };
		CEF47B4E1E5C6A8800143D0A /* IVAndroid.m */ = {isa = PBXFileReference; fileEncoding = 4; lastKnownFileType = sourcecode.c.objc; path = IVAndroid.m; sourceTree = "<group>"; };
		CEF47B501E5C834200143D0A /* IVSecretar.h */ = {isa = PBXFileReference; lastKnownFileType = sourcecode.c.h; path = IVSecretar.h; sourceTree = "<group>"; };
		CEF47B511E5C835300143D0A /* IVSecretar.m */ = {isa = PBXFileReference; fileEncoding = 4; lastKnownFileType = sourcecode.c.objc; path = IVSecretar.m; sourceTree = "<group>"; };
		CEF47B541E5D813B00143D0A /* NSObject+category.h */ = {isa = PBXFileReference; fileEncoding = 4; lastKnownFileType = sourcecode.c.h; path = "NSObject+category.h"; sourceTree = "<group>"; };
		CEF47B551E5D813B00143D0A /* NSObject+category.m */ = {isa = PBXFileReference; fileEncoding = 4; lastKnownFileType = sourcecode.c.objc; path = "NSObject+category.m"; sourceTree = "<group>"; };
/* End PBXFileReference section */

/* Begin PBXFrameworksBuildPhase section */
		CEF47B301E5B0DA300143D0A /* Frameworks */ = {
			isa = PBXFrameworksBuildPhase;
			buildActionMask = 2147483647;
			files = (
			);
			runOnlyForDeploymentPostprocessing = 0;
		};
/* End PBXFrameworksBuildPhase section */

/* Begin PBXGroup section */
		CEF47B2A1E5B0DA300143D0A = {
			isa = PBXGroup;
			children = (
				CEF47B351E5B0DA300143D0A /* IVDomZad2 */,
				CEF47B341E5B0DA300143D0A /* Products */,
			);
			sourceTree = "<group>";
		};
		CEF47B341E5B0DA300143D0A /* Products */ = {
			isa = PBXGroup;
			children = (
				CEF47B331E5B0DA300143D0A /* IVDomZad2 */,
			);
			name = Products;
			sourceTree = "<group>";
		};
		CEF47B351E5B0DA300143D0A /* IVDomZad2 */ = {
			isa = PBXGroup;
			children = (
				CEF47B361E5B0DA300143D0A /* main.m */,
				CEF47B541E5D813B00143D0A /* NSObject+category.h */,
				CEF47B551E5D813B00143D0A /* NSObject+category.m */,
				CEF47B461E5C2E8600143D0A /* Mobile */,
				CEF47B451E5C2E6E00143D0A /* Protocol */,
				CEF47B441E5C2E3300143D0A /* Sotrudnik */,
			);
			path = IVDomZad2;
			sourceTree = "<group>";
		};
		CEF47B441E5C2E3300143D0A /* Sotrudnik */ = {
			isa = PBXGroup;
			children = (
				CEF47B3D1E5B0DC800143D0A /* IVSotrudnik.h */,
				CEF47B3E1E5B0DF100143D0A /* IVSotrudnik.m */,
				CEF47B401E5B0E1C00143D0A /* IVBuhgalter.h */,
				CEF47B411E5B0EDA00143D0A /* IVBuhgalter.m */,
				CEF47B501E5C834200143D0A /* IVSecretar.h */,
				CEF47B511E5C835300143D0A /* IVSecretar.m */,
			);
			name = Sotrudnik;
			sourceTree = "<group>";
		};
		CEF47B451E5C2E6E00143D0A /* Protocol */ = {
			isa = PBXGroup;
			children = (
				CEF47B431E5B2C2600143D0A /* IVZvonok.h */,
			);
			name = Protocol;
			sourceTree = "<group>";
		};
		CEF47B461E5C2E8600143D0A /* Mobile */ = {
			isa = PBXGroup;
			children = (
				CEF47B471E5C2EC800143D0A /* IVMobile.h */,
				CEF47B481E5C2F0100143D0A /* IVMobile.m */,
				CEF47B4A1E5C6A5B00143D0A /* IViPhone.h */,
				CEF47B4B1E5C6A6A00143D0A /* IViPhone.m */,
				CEF47B4D1E5C6A7900143D0A /* IVAndroid.h */,
				CEF47B4E1E5C6A8800143D0A /* IVAndroid.m */,
			);
			name = Mobile;
			sourceTree = "<group>";
		};
/* End PBXGroup section */

/* Begin PBXNativeTarget section */
		CEF47B321E5B0DA300143D0A /* IVDomZad2 */ = {
			isa = PBXNativeTarget;
			buildConfigurationList = CEF47B3A1E5B0DA300143D0A /* Build configuration list for PBXNativeTarget "IVDomZad2" */;
			buildPhases = (
				CEF47B2F1E5B0DA300143D0A /* Sources */,
				CEF47B301E5B0DA300143D0A /* Frameworks */,
				CEF47B311E5B0DA300143D0A /* CopyFiles */,
			);
			buildRules = (
			);
			dependencies = (
			);
			name = IVDomZad2;
			productName = IVDomZad2;
			productReference = CEF47B331E5B0DA300143D0A /* IVDomZad2 */;
			productType = "com.apple.product-type.tool";
		};
/* End PBXNativeTarget section */

/* Begin PBXProject section */
		CEF47B2B1E5B0DA300143D0A /* Project object */ = {
			isa = PBXProject;
			attributes = {
				LastUpgradeCheck = 0820;
				ORGANIZATIONNAME = iPodium;
				TargetAttributes = {
					CEF47B321E5B0DA300143D0A = {
						CreatedOnToolsVersion = 8.2.1;
						DevelopmentTeam = NH45XMU2ZT;
						ProvisioningStyle = Automatic;
					};
				};
			};
			buildConfigurationList = CEF47B2E1E5B0DA300143D0A /* Build configuration list for PBXProject "IVDomZad2" */;
			compatibilityVersion = "Xcode 3.2";
			developmentRegion = English;
			hasScannedForEncodings = 0;
			knownRegions = (
				en,
			);
			mainGroup = CEF47B2A1E5B0DA300143D0A;
			productRefGroup = CEF47B341E5B0DA300143D0A /* Products */;
			projectDirPath = "";
			projectRoot = "";
			targets = (
				CEF47B321E5B0DA300143D0A /* IVDomZad2 */,
			);
		};
/* End PBXProject section */

/* Begin PBXSourcesBuildPhase section */
		CEF47B2F1E5B0DA300143D0A /* Sources */ = {
			isa = PBXSourcesBuildPhase;
			buildActionMask = 2147483647;
			files = (
				CEF47B3F1E5B0DF100143D0A /* IVSotrudnik.m in Sources */,
				CEF47B371E5B0DA300143D0A /* main.m in Sources */,
				CEF47B421E5B0EDA00143D0A /* IVBuhgalter.m in Sources */,
				CEF47B4F1E5C6A8800143D0A /* IVAndroid.m in Sources */,
				CEF47B4C1E5C6A6A00143D0A /* IViPhone.m in Sources */,
				CEF47B521E5C835300143D0A /* IVSecretar.m in Sources */,
				CEF47B491E5C2F0100143D0A /* IVMobile.m in Sources */,
				CEF47B561E5D813B00143D0A /* NSObject+category.m in Sources */,
			);
			runOnlyForDeploymentPostprocessing = 0;
		};
/* End PBXSourcesBuildPhase section */

/* Begin XCBuildConfiguration section */
		CEF47B381E5B0DA300143D0A /* Debug */ = {
			isa = XCBuildConfiguration;
			buildSettings = {
				ALWAYS_SEARCH_USER_PATHS = NO;
				CLANG_ANALYZER_NONNULL = YES;
				CLANG_CXX_LANGUAGE_STANDARD = "gnu++0x";
				CLANG_CXX_LIBRARY = "libc++";
				CLANG_ENABLE_MODULES = YES;
				CLANG_ENABLE_OBJC_ARC = YES;
				CLANG_WARN_BOOL_CONVERSION = YES;
				CLANG_WARN_CONSTANT_CONVERSION = YES;
				CLANG_WARN_DIRECT_OBJC_ISA_USAGE = YES_ERROR;
				CLANG_WARN_DOCUMENTATION_COMMENTS = YES;
				CLANG_WARN_EMPTY_BODY = YES;
				CLANG_WARN_ENUM_CONVERSION = YES;
				CLANG_WARN_INFINITE_RECURSION = YES;
				CLANG_WARN_INT_CONVERSION = YES;
				CLANG_WARN_OBJC_ROOT_CLASS = YES_ERROR;
				CLANG_WARN_SUSPICIOUS_MOVE = YES;
				CLANG_WARN_UNREACHABLE_CODE = YES;
				CLANG_WARN__DUPLICATE_METHOD_MATCH = YES;
				CODE_SIGN_IDENTITY = "-";
				COPY_PHASE_STRIP = NO;
				DEBUG_INFORMATION_FORMAT = dwarf;
				ENABLE_STRICT_OBJC_MSGSEND = YES;
				ENABLE_TESTABILITY = YES;
				GCC_C_LANGUAGE_STANDARD = gnu99;
				GCC_DYNAMIC_NO_PIC = NO;
				GCC_NO_COMMON_BLOCKS = YES;
				GCC_OPTIMIZATION_LEVEL = 0;
				GCC_PREPROCESSOR_DEFINITIONS = (
					"DEBUG=1",
					"$(inherited)",
				);
				GCC_WARN_64_TO_32_BIT_CONVERSION = YES;
				GCC_WARN_ABOUT_RETURN_TYPE = YES_ERROR;
				GCC_WARN_UNDECLARED_SELECTOR = YES;
				GCC_WARN_UNINITIALIZED_AUTOS = YES_AGGRESSIVE;
				GCC_WARN_UNUSED_FUNCTION = YES;
				GCC_WARN_UNUSED_VARIABLE = YES;
				MACOSX_DEPLOYMENT_TARGET = 10.12;
				MTL_ENABLE_DEBUG_INFO = YES;
				ONLY_ACTIVE_ARCH = YES;
				SDKROOT = macosx;
			};
			name = Debug;
		};
		CEF47B391E5B0DA300143D0A /* Release */ = {
			isa = XCBuildConfiguration;
			buildSettings = {
				ALWAYS_SEARCH_USER_PATHS = NO;
				CLANG_ANALYZER_NONNULL = YES;
				CLANG_CXX_LANGUAGE_STANDARD = "gnu++0x";
				CLANG_CXX_LIBRARY = "libc++";
				CLANG_ENABLE_MODULES = YES;
				CLANG_ENABLE_OBJC_ARC = YES;
				CLANG_WARN_BOOL_CONVERSION = YES;
				CLANG_WARN_CONSTANT_CONVERSION = YES;
				CLANG_WARN_DIRECT_OBJC_ISA_USAGE = YES_ERROR;
				CLANG_WARN_DOCUMENTATION_COMMENTS = YES;
				CLANG_WARN_EMPTY_BODY = YES;
				CLANG_WARN_ENUM_CONVERSION = YES;
				CLANG_WARN_INFINITE_RECURSION = YES;
				CLANG_WARN_INT_CONVERSION = YES;
				CLANG_WARN_OBJC_ROOT_CLASS = YES_ERROR;
				CLANG_WARN_SUSPICIOUS_MOVE = YES;
				CLANG_WARN_UNREACHABLE_CODE = YES;
				CLANG_WARN__DUPLICATE_METHOD_MATCH = YES;
				CODE_SIGN_IDENTITY = "-";
				COPY_PHASE_STRIP = NO;
				DEBUG_INFORMATION_FORMAT = "dwarf-with-dsym";
				ENABLE_NS_ASSERTIONS = NO;
				ENABLE_STRICT_OBJC_MSGSEND = YES;
				GCC_C_LANGUAGE_STANDARD = gnu99;
				GCC_NO_COMMON_BLOCKS = YES;
				GCC_WARN_64_TO_32_BIT_CONVERSION = YES;
				GCC_WARN_ABOUT_RETURN_TYPE = YES_ERROR;
				GCC_WARN_UNDECLARED_SELECTOR = YES;
				GCC_WARN_UNINITIALIZED_AUTOS = YES_AGGRESSIVE;
				GCC_WARN_UNUSED_FUNCTION = YES;
				GCC_WARN_UNUSED_VARIABLE = YES;
				MACOSX_DEPLOYMENT_TARGET = 10.12;
				MTL_ENABLE_DEBUG_INFO = NO;
				SDKROOT = macosx;
			};
			name = Release;
		};
		CEF47B3B1E5B0DA300143D0A /* Debug */ = {
			isa = XCBuildConfiguration;
			buildSettings = {
				DEVELOPMENT_TEAM = NH45XMU2ZT;
				PRODUCT_NAME = "$(TARGET_NAME)";
			};
			name = Debug;
		};
		CEF47B3C1E5B0DA300143D0A /* Release */ = {
			isa = XCBuildConfiguration;
			buildSettings = {
				DEVELOPMENT_TEAM = NH45XMU2ZT;
				PRODUCT_NAME = "$(TARGET_NAME)";
			};
			name = Release;
		};
/* End XCBuildConfiguration section */

/* Begin XCConfigurationList section */
		CEF47B2E1E5B0DA300143D0A /* Build configuration list for PBXProject "IVDomZad2" */ = {
			isa = XCConfigurationList;
			buildConfigurations = (
				CEF47B381E5B0DA300143D0A /* Debug */,
				CEF47B391E5B0DA300143D0A /* Release */,
			);
			defaultConfigurationIsVisible = 0;
			defaultConfigurationName = Release;
		};
		CEF47B3A1E5B0DA300143D0A /* Build configuration list for PBXNativeTarget "IVDomZad2" */ = {
			isa = XCConfigurationList;
			buildConfigurations = (
				CEF47B3B1E5B0DA300143D0A /* Debug */,
				CEF47B3C1E5B0DA300143D0A /* Release */,
			);
			defaultConfigurationIsVisible = 0;
		};
/* End XCConfigurationList section */
	};
	rootObject = CEF47B2B1E5B0DA300143D0A /* Project object */;
}
